
Microsoft Visual Studio Solution File, Format Version 12.00
# Visual Studio 2012
Project("{FAE04EC0-301F-11D3-BF4B-00C04F79EFBC}") = "HRMS", "HRMS\HRMS.csproj", "{D91313EC-B3FA-48F7-8268-4E244116321D}"
EndProject
Global
	GlobalSection(TeamFoundationVersionControl) = preSolution
		SccNumberOfProjects = 2
		SccEnterpriseProvider = {4CA58AB2-18FA-4F8D-95D4-32DDF27D184C}
		SccTeamFoundationServer = https://cmbaala.visualstudio.com/defaultcollection
		SccLocalPath0 = .
		SccProjectUniqueName1 = HRMS\\HRMS.csproj
		SccProjectName1 = HRMS
		SccLocalPath1 = HRMS
	EndGlobalSection
	GlobalSection(SolutionConfigurationPlatforms) = preSolution
		Debug|Any CPU = Debug|Any CPU
		Release|Any CPU = Release|Any CPU
	EndGlobalSection
	GlobalSection(ProjectConfigurationPlatforms) = postSolution
		{D91313EC-B3FA-48F7-8268-4E244116321D}.Debug|Any CPU.ActiveCfg = Debug|Any CPU
		{D91313EC-B3FA-48F7-8268-4E244116321D}.Debug|Any CPU.Build.0 = Debug|Any CPU
		{D91313EC-B3FA-48F7-8268-4E244116321D}.Release|Any CPU.ActiveCfg = Release|Any CPU
		{D91313EC-B3FA-48F7-8268-4E244116321D}.Release|Any CPU.Build.0 = Release|Any CPU
	EndGlobalSection
	GlobalSection(SolutionProperties) = preSolution
		HideSolutionNode = FALSE
	EndGlobalSection
EndGlobal
